
Microsoft Visual Studio Solution File, Format Version 12.00
# Visual Studio Version 17
VisualStudioVersion = 17.0.32014.148
MinimumVisualStudioVersion = 10.0.40219.1
Project("{FAE04EC0-301F-11D3-BF4B-00C04F79EFBC}") = "HotelListing", "HotelListing\HotelListing.csproj", "{9904FDA8-A014-4A1A-9F2F-47F8A3EC5FFD}"
EndProject
Global
	GlobalSection(SolutionConfigurationPlatforms) = preSolution
		Debug|Any CPU = Debug|Any CPU
		Release|Any CPU = Release|Any CPU
	EndGlobalSection
	GlobalSection(ProjectConfigurationPlatforms) = postSolution
		{9904FDA8-A014-4A1A-9F2F-47F8A3EC5FFD}.Debug|Any CPU.ActiveCfg = Debug|Any CPU
		{9904FDA8-A014-4A1A-9F2F-47F8A3EC5FFD}.Debug|Any CPU.Build.0 = Debug|Any CPU
		{9904FDA8-A014-4A1A-9F2F-47F8A3EC5FFD}.Release|Any CPU.ActiveCfg = Release|Any CPU
		{9904FDA8-A014-4A1A-9F2F-47F8A3EC5FFD}.Release|Any CPU.Build.0 = Release|Any CPU
	EndGlobalSection
	GlobalSection(SolutionProperties) = preSolution
		HideSolutionNode = FALSE
	EndGlobalSection
	GlobalSection(ExtensibilityGlobals) = postSolution
		SolutionGuid = {5F59C5AA-0748-4D27-B41C-0EAF3C020A4C}
	EndGlobalSection
EndGlobal
